
Microsoft Visual Studio Solution File, Format Version 12.00
# Visual Studio Version 16
VisualStudioVersion = 16.0.29418.71
MinimumVisualStudioVersion = 10.0.40219.1
Project("{9A19103F-16F7-4668-BE54-9A1E7A4F7556}") = "Platform.Web", "Platform.Web\Platform.Web.csproj", "{2DBB2DA9-DDE6-48AC-8F51-EBEEF1109715}"
EndProject
Project("{FAE04EC0-301F-11D3-BF4B-00C04F79EFBC}") = "Platform.Domain", "Platform.Domain\Platform.Domain.csproj", "{A11958F1-A3A7-4A36-BC2D-D657462AA95B}"
EndProject
Project("{F2A71F9B-5D33-465A-A702-920D77279786}") = "Platform.Fatabase", "Platform.Fatabase\Platform.Fatabase.fsproj", "{CADD4FD7-C10F-44FF-9F5F-55A9374960F5}"
EndProject
Project("{F2A71F9B-5D33-465A-A702-920D77279786}") = "Platform.Fodels", "Platform.Fodels\Platform.Fodels.fsproj", "{7586F7F5-C631-4D06-B0A0-04CBB16D158E}"
EndProject
Project("{FAE04EC0-301F-11D3-BF4B-00C04F79EFBC}") = "Platform.Configuration", "Platform.Configuration\Platform.Configuration.csproj", "{7A765C86-95AB-4CB1-91D2-AA650A5C548D}"
EndProject
Project("{FAE04EC0-301F-11D3-BF4B-00C04F79EFBC}") = "Platform.Migrations", "Platform.Migrations\Platform.Migrations.csproj", "{422CFEB7-088C-4343-BF97-B4450C38C90C}"
EndProject
Global
	GlobalSection(SolutionConfigurationPlatforms) = preSolution
		Debug|Any CPU = Debug|Any CPU
		Release|Any CPU = Release|Any CPU
	EndGlobalSection
	GlobalSection(ProjectConfigurationPlatforms) = postSolution
		{2DBB2DA9-DDE6-48AC-8F51-EBEEF1109715}.Debug|Any CPU.ActiveCfg = Debug|Any CPU
		{2DBB2DA9-DDE6-48AC-8F51-EBEEF1109715}.Debug|Any CPU.Build.0 = Debug|Any CPU
		{2DBB2DA9-DDE6-48AC-8F51-EBEEF1109715}.Release|Any CPU.ActiveCfg = Release|Any CPU
		{2DBB2DA9-DDE6-48AC-8F51-EBEEF1109715}.Release|Any CPU.Build.0 = Release|Any CPU
		{A11958F1-A3A7-4A36-BC2D-D657462AA95B}.Debug|Any CPU.ActiveCfg = Debug|Any CPU
		{A11958F1-A3A7-4A36-BC2D-D657462AA95B}.Debug|Any CPU.Build.0 = Debug|Any CPU
		{A11958F1-A3A7-4A36-BC2D-D657462AA95B}.Release|Any CPU.ActiveCfg = Release|Any CPU
		{A11958F1-A3A7-4A36-BC2D-D657462AA95B}.Release|Any CPU.Build.0 = Release|Any CPU
		{CADD4FD7-C10F-44FF-9F5F-55A9374960F5}.Debug|Any CPU.ActiveCfg = Debug|Any CPU
		{CADD4FD7-C10F-44FF-9F5F-55A9374960F5}.Debug|Any CPU.Build.0 = Debug|Any CPU
		{CADD4FD7-C10F-44FF-9F5F-55A9374960F5}.Release|Any CPU.ActiveCfg = Release|Any CPU
		{CADD4FD7-C10F-44FF-9F5F-55A9374960F5}.Release|Any CPU.Build.0 = Release|Any CPU
		{7586F7F5-C631-4D06-B0A0-04CBB16D158E}.Debug|Any CPU.ActiveCfg = Debug|Any CPU
		{7586F7F5-C631-4D06-B0A0-04CBB16D158E}.Debug|Any CPU.Build.0 = Debug|Any CPU
		{7586F7F5-C631-4D06-B0A0-04CBB16D158E}.Release|Any CPU.ActiveCfg = Release|Any CPU
		{7586F7F5-C631-4D06-B0A0-04CBB16D158E}.Release|Any CPU.Build.0 = Release|Any CPU
		{7A765C86-95AB-4CB1-91D2-AA650A5C548D}.Debug|Any CPU.ActiveCfg = Debug|Any CPU
		{7A765C86-95AB-4CB1-91D2-AA650A5C548D}.Debug|Any CPU.Build.0 = Debug|Any CPU
		{7A765C86-95AB-4CB1-91D2-AA650A5C548D}.Release|Any CPU.ActiveCfg = Release|Any CPU
		{7A765C86-95AB-4CB1-91D2-AA650A5C548D}.Release|Any CPU.Build.0 = Release|Any CPU
		{422CFEB7-088C-4343-BF97-B4450C38C90C}.Debug|Any CPU.ActiveCfg = Debug|Any CPU
		{422CFEB7-088C-4343-BF97-B4450C38C90C}.Debug|Any CPU.Build.0 = Debug|Any CPU
		{422CFEB7-088C-4343-BF97-B4450C38C90C}.Release|Any CPU.ActiveCfg = Release|Any CPU
		{422CFEB7-088C-4343-BF97-B4450C38C90C}.Release|Any CPU.Build.0 = Release|Any CPU
	EndGlobalSection
	GlobalSection(SolutionProperties) = preSolution
		HideSolutionNode = FALSE
	EndGlobalSection
	GlobalSection(ExtensibilityGlobals) = postSolution
		SolutionGuid = {31A8039A-8274-4D5D-8F23-067703500F81}
	EndGlobalSection
EndGlobal
